
Microsoft Visual Studio Solution File, Format Version 12.00
# Visual Studio Version 17
VisualStudioVersion = 17.10.34928.147
MinimumVisualStudioVersion = 10.0.40219.1
Project("{FAE04EC0-301F-11D3-BF4B-00C04F79EFBC}") = "SyncfusionDataGridCellsSelection", "SyncfusionDataGridCellsSelection\SyncfusionDataGridCellsSelection.csproj", "{B3506EE7-4B14-4B09-9244-2699CDFFC095}"
EndProject
Global
	GlobalSection(SolutionConfigurationPlatforms) = preSolution
		Debug|Any CPU = Debug|Any CPU
		Release|Any CPU = Release|Any CPU
	EndGlobalSection
	GlobalSection(ProjectConfigurationPlatforms) = postSolution
		{B3506EE7-4B14-4B09-9244-2699CDFFC095}.Debug|Any CPU.ActiveCfg = Debug|Any CPU
		{B3506EE7-4B14-4B09-9244-2699CDFFC095}.Debug|Any CPU.Build.0 = Debug|Any CPU
		{B3506EE7-4B14-4B09-9244-2699CDFFC095}.Release|Any CPU.ActiveCfg = Release|Any CPU
		{B3506EE7-4B14-4B09-9244-2699CDFFC095}.Release|Any CPU.Build.0 = Release|Any CPU
	EndGlobalSection
	GlobalSection(SolutionProperties) = preSolution
		HideSolutionNode = FALSE
	EndGlobalSection
	GlobalSection(ExtensibilityGlobals) = postSolution
		SolutionGuid = {89FF6A9D-638F-491A-BAAA-0B786BF20B91}
	EndGlobalSection
EndGlobal
